
Microsoft Visual Studio Solution File, Format Version 12.00
# Visual Studio 15
VisualStudioVersion = 15.0.26430.13
MinimumVisualStudioVersion = 10.0.40219.1
Project("{2150E333-8FDC-42A3-9474-1A3956D46DE8}") = "BUS", "BUS", "{B49A6BB3-7C76-409D-BDA6-83A681CB3DD4}"
EndProject
Project("{2150E333-8FDC-42A3-9474-1A3956D46DE8}") = "Presentation", "Presentation", "{B33739B7-5DFD-422A-8C30-F13343D0C097}"
EndProject
Project("{2150E333-8FDC-42A3-9474-1A3956D46DE8}") = "DAO", "DAO", "{1767CF67-F41D-4E32-BCE6-FABB6595F436}"
EndProject
Project("{FAE04EC0-301F-11D3-BF4B-00C04F79EFBC}") = "CreateUserFile", "CreateUserFile\CreateUserFile.csproj", "{3E94CD59-0864-4927-84A7-F93A2CAF260B}"
EndProject
Project("{FAE04EC0-301F-11D3-BF4B-00C04F79EFBC}") = "ChoosePath", "ChoosePathForFile\ChoosePath.csproj", "{1C371945-1FE0-4D82-8F41-27E68C610190}"
EndProject
Project("{FAE04EC0-301F-11D3-BF4B-00C04F79EFBC}") = "DAOInterface", "INote\DAOInterface.csproj", "{EB8738F4-F5D9-40EB-8892-8687758FBEFF}"
EndProject
Project("{FAE04EC0-301F-11D3-BF4B-00C04F79EFBC}") = "DAOCommands", "DAOCommands\DAOCommands.csproj", "{D6CFACCE-7EE9-4E93-89AF-E941944FB630}"
EndProject
Project("{2150E333-8FDC-42A3-9474-1A3956D46DE8}") = "Common", "Common", "{65B6AD8A-B194-4B3B-A1C7-7486BC5B3FFC}"
EndProject
Project("{FAE04EC0-301F-11D3-BF4B-00C04F79EFBC}") = "Entities", "Person\Entities.csproj", "{5696E0E1-886C-47EE-8C61-497AA8EC0253}"
EndProject
Project("{FAE04EC0-301F-11D3-BF4B-00C04F79EFBC}") = "BUS.ILogic", "ILogic\BUS.ILogic.csproj", "{A5349224-F36C-4691-8D79-EC26E472294E}"
EndProject
Project("{FAE04EC0-301F-11D3-BF4B-00C04F79EFBC}") = "BUS.Logic", "BUS.Logic\BUS.Logic.csproj", "{9A5AEA31-CF18-4E19-87B3-B653BACCAA56}"
EndProject
Project("{FAE04EC0-301F-11D3-BF4B-00C04F79EFBC}") = "Exceptions", "Exceptions\Exceptions.csproj", "{7F01A943-A28E-4361-8AA7-91421CF0449E}"
EndProject
Project("{FAE04EC0-301F-11D3-BF4B-00C04F79EFBC}") = "MainPresentation", "MainPresentation\MainPresentation.csproj", "{BE355495-3A85-4A71-AAC3-B47A39FC1B17}"
EndProject
Project("{FAE04EC0-301F-11D3-BF4B-00C04F79EFBC}") = "WriteDataOfPerson", "WriteDataOfPerson\WriteDataOfPerson.csproj", "{400FC63F-FECB-43BD-A14B-A088D989D72A}"
EndProject
Project("{FAE04EC0-301F-11D3-BF4B-00C04F79EFBC}") = "Programm", "Programm\Programm.csproj", "{85632528-3146-46E4-B720-7BF1155F7420}"
EndProject
Global
	GlobalSection(SolutionConfigurationPlatforms) = preSolution
		Debug|Any CPU = Debug|Any CPU
		Release|Any CPU = Release|Any CPU
	EndGlobalSection
	GlobalSection(ProjectConfigurationPlatforms) = postSolution
		{3E94CD59-0864-4927-84A7-F93A2CAF260B}.Debug|Any CPU.ActiveCfg = Debug|Any CPU
		{3E94CD59-0864-4927-84A7-F93A2CAF260B}.Debug|Any CPU.Build.0 = Debug|Any CPU
		{3E94CD59-0864-4927-84A7-F93A2CAF260B}.Release|Any CPU.ActiveCfg = Release|Any CPU
		{3E94CD59-0864-4927-84A7-F93A2CAF260B}.Release|Any CPU.Build.0 = Release|Any CPU
		{1C371945-1FE0-4D82-8F41-27E68C610190}.Debug|Any CPU.ActiveCfg = Debug|Any CPU
		{1C371945-1FE0-4D82-8F41-27E68C610190}.Debug|Any CPU.Build.0 = Debug|Any CPU
		{1C371945-1FE0-4D82-8F41-27E68C610190}.Release|Any CPU.ActiveCfg = Release|Any CPU
		{1C371945-1FE0-4D82-8F41-27E68C610190}.Release|Any CPU.Build.0 = Release|Any CPU
		{EB8738F4-F5D9-40EB-8892-8687758FBEFF}.Debug|Any CPU.ActiveCfg = Debug|Any CPU
		{EB8738F4-F5D9-40EB-8892-8687758FBEFF}.Debug|Any CPU.Build.0 = Debug|Any CPU
		{EB8738F4-F5D9-40EB-8892-8687758FBEFF}.Release|Any CPU.ActiveCfg = Release|Any CPU
		{EB8738F4-F5D9-40EB-8892-8687758FBEFF}.Release|Any CPU.Build.0 = Release|Any CPU
		{D6CFACCE-7EE9-4E93-89AF-E941944FB630}.Debug|Any CPU.ActiveCfg = Debug|Any CPU
		{D6CFACCE-7EE9-4E93-89AF-E941944FB630}.Debug|Any CPU.Build.0 = Debug|Any CPU
		{D6CFACCE-7EE9-4E93-89AF-E941944FB630}.Release|Any CPU.ActiveCfg = Release|Any CPU
		{D6CFACCE-7EE9-4E93-89AF-E941944FB630}.Release|Any CPU.Build.0 = Release|Any CPU
		{5696E0E1-886C-47EE-8C61-497AA8EC0253}.Debug|Any CPU.ActiveCfg = Debug|Any CPU
		{5696E0E1-886C-47EE-8C61-497AA8EC0253}.Debug|Any CPU.Build.0 = Debug|Any CPU
		{5696E0E1-886C-47EE-8C61-497AA8EC0253}.Release|Any CPU.ActiveCfg = Release|Any CPU
		{5696E0E1-886C-47EE-8C61-497AA8EC0253}.Release|Any CPU.Build.0 = Release|Any CPU
		{A5349224-F36C-4691-8D79-EC26E472294E}.Debug|Any CPU.ActiveCfg = Debug|Any CPU
		{A5349224-F36C-4691-8D79-EC26E472294E}.Debug|Any CPU.Build.0 = Debug|Any CPU
		{A5349224-F36C-4691-8D79-EC26E472294E}.Release|Any CPU.ActiveCfg = Release|Any CPU
		{A5349224-F36C-4691-8D79-EC26E472294E}.Release|Any CPU.Build.0 = Release|Any CPU
		{9A5AEA31-CF18-4E19-87B3-B653BACCAA56}.Debug|Any CPU.ActiveCfg = Debug|Any CPU
		{9A5AEA31-CF18-4E19-87B3-B653BACCAA56}.Debug|Any CPU.Build.0 = Debug|Any CPU
		{9A5AEA31-CF18-4E19-87B3-B653BACCAA56}.Release|Any CPU.ActiveCfg = Release|Any CPU
		{9A5AEA31-CF18-4E19-87B3-B653BACCAA56}.Release|Any CPU.Build.0 = Release|Any CPU
		{7F01A943-A28E-4361-8AA7-91421CF0449E}.Debug|Any CPU.ActiveCfg = Debug|Any CPU
		{7F01A943-A28E-4361-8AA7-91421CF0449E}.Debug|Any CPU.Build.0 = Debug|Any CPU
		{7F01A943-A28E-4361-8AA7-91421CF0449E}.Release|Any CPU.ActiveCfg = Release|Any CPU
		{7F01A943-A28E-4361-8AA7-91421CF0449E}.Release|Any CPU.Build.0 = Release|Any CPU
		{BE355495-3A85-4A71-AAC3-B47A39FC1B17}.Debug|Any CPU.ActiveCfg = Debug|Any CPU
		{BE355495-3A85-4A71-AAC3-B47A39FC1B17}.Debug|Any CPU.Build.0 = Debug|Any CPU
		{BE355495-3A85-4A71-AAC3-B47A39FC1B17}.Release|Any CPU.ActiveCfg = Release|Any CPU
		{BE355495-3A85-4A71-AAC3-B47A39FC1B17}.Release|Any CPU.Build.0 = Release|Any CPU
		{400FC63F-FECB-43BD-A14B-A088D989D72A}.Debug|Any CPU.ActiveCfg = Debug|Any CPU
		{400FC63F-FECB-43BD-A14B-A088D989D72A}.Debug|Any CPU.Build.0 = Debug|Any CPU
		{400FC63F-FECB-43BD-A14B-A088D989D72A}.Release|Any CPU.ActiveCfg = Release|Any CPU
		{400FC63F-FECB-43BD-A14B-A088D989D72A}.Release|Any CPU.Build.0 = Release|Any CPU
		{85632528-3146-46E4-B720-7BF1155F7420}.Debug|Any CPU.ActiveCfg = Debug|Any CPU
		{85632528-3146-46E4-B720-7BF1155F7420}.Debug|Any CPU.Build.0 = Debug|Any CPU
		{85632528-3146-46E4-B720-7BF1155F7420}.Release|Any CPU.ActiveCfg = Release|Any CPU
		{85632528-3146-46E4-B720-7BF1155F7420}.Release|Any CPU.Build.0 = Release|Any CPU
	EndGlobalSection
	GlobalSection(SolutionProperties) = preSolution
		HideSolutionNode = FALSE
	EndGlobalSection
	GlobalSection(NestedProjects) = preSolution
		{3E94CD59-0864-4927-84A7-F93A2CAF260B} = {1767CF67-F41D-4E32-BCE6-FABB6595F436}
		{1C371945-1FE0-4D82-8F41-27E68C610190} = {1767CF67-F41D-4E32-BCE6-FABB6595F436}
		{EB8738F4-F5D9-40EB-8892-8687758FBEFF} = {1767CF67-F41D-4E32-BCE6-FABB6595F436}
		{D6CFACCE-7EE9-4E93-89AF-E941944FB630} = {1767CF67-F41D-4E32-BCE6-FABB6595F436}
		{5696E0E1-886C-47EE-8C61-497AA8EC0253} = {65B6AD8A-B194-4B3B-A1C7-7486BC5B3FFC}
		{A5349224-F36C-4691-8D79-EC26E472294E} = {B49A6BB3-7C76-409D-BDA6-83A681CB3DD4}
		{9A5AEA31-CF18-4E19-87B3-B653BACCAA56} = {B49A6BB3-7C76-409D-BDA6-83A681CB3DD4}
		{7F01A943-A28E-4361-8AA7-91421CF0449E} = {B49A6BB3-7C76-409D-BDA6-83A681CB3DD4}
		{BE355495-3A85-4A71-AAC3-B47A39FC1B17} = {B33739B7-5DFD-422A-8C30-F13343D0C097}
		{400FC63F-FECB-43BD-A14B-A088D989D72A} = {65B6AD8A-B194-4B3B-A1C7-7486BC5B3FFC}
		{85632528-3146-46E4-B720-7BF1155F7420} = {B33739B7-5DFD-422A-8C30-F13343D0C097}
	EndGlobalSection
EndGlobal
